
Microsoft Visual Studio Solution File, Format Version 12.00
# Visual Studio Version 16
VisualStudioVersion = 16.0.30320.27
MinimumVisualStudioVersion = 10.0.40219.1
Project("{FAE04EC0-301F-11D3-BF4B-00C04F79EFBC}") = "Projeto_17", "Projeto_17\Projeto_17.csproj", "{F27BE22C-30AA-4AB4-BFFC-0691D08053D7}"
EndProject
Global
	GlobalSection(SolutionConfigurationPlatforms) = preSolution
		Debug|Any CPU = Debug|Any CPU
		Release|Any CPU = Release|Any CPU
	EndGlobalSection
	GlobalSection(ProjectConfigurationPlatforms) = postSolution
		{F27BE22C-30AA-4AB4-BFFC-0691D08053D7}.Debug|Any CPU.ActiveCfg = Debug|Any CPU
		{F27BE22C-30AA-4AB4-BFFC-0691D08053D7}.Debug|Any CPU.Build.0 = Debug|Any CPU
		{F27BE22C-30AA-4AB4-BFFC-0691D08053D7}.Release|Any CPU.ActiveCfg = Release|Any CPU
		{F27BE22C-30AA-4AB4-BFFC-0691D08053D7}.Release|Any CPU.Build.0 = Release|Any CPU
	EndGlobalSection
	GlobalSection(SolutionProperties) = preSolution
		HideSolutionNode = FALSE
	EndGlobalSection
	GlobalSection(ExtensibilityGlobals) = postSolution
		SolutionGuid = {BFE9BFAC-F00C-4C96-A9B8-402F11523AB0}
	EndGlobalSection
EndGlobal
